
Microsoft Visual Studio Solution File, Format Version 12.00
# Visual Studio Version 17
VisualStudioVersion = 17.7.34024.191
MinimumVisualStudioVersion = 10.0.40219.1
Project("{FAE04EC0-301F-11D3-BF4B-00C04F79EFBC}") = "LogNeuter", "LogNeuter.csproj", "{DDD53C56-C075-41C3-B567-1C2A9A98DDC1}"
EndProject
Global
	GlobalSection(SolutionConfigurationPlatforms) = preSolution
		Debug|Any CPU = Debug|Any CPU
		Release|Any CPU = Release|Any CPU
	EndGlobalSection
	GlobalSection(ProjectConfigurationPlatforms) = postSolution
		{DDD53C56-C075-41C3-B567-1C2A9A98DDC1}.Debug|Any CPU.ActiveCfg = Debug|Any CPU
		{DDD53C56-C075-41C3-B567-1C2A9A98DDC1}.Debug|Any CPU.Build.0 = Debug|Any CPU
		{DDD53C56-C075-41C3-B567-1C2A9A98DDC1}.Release|Any CPU.ActiveCfg = Release|Any CPU
		{DDD53C56-C075-41C3-B567-1C2A9A98DDC1}.Release|Any CPU.Build.0 = Release|Any CPU
	EndGlobalSection
	GlobalSection(SolutionProperties) = preSolution
		HideSolutionNode = FALSE
	EndGlobalSection
	GlobalSection(ExtensibilityGlobals) = postSolution
		SolutionGuid = {1343E2DE-8023-4053-8AB0-DF20E2ECDFD5}
	EndGlobalSection
EndGlobal
